// !$*UTF8*$!
{
	archiveVersion = 1;
	classes = {
	};
	objectVersion = 55;
	objects = {

/* Begin PBXBuildFile section */
		039DEF3927AC18AA00D02118 /* AppDelegate.swift in Sources */ = {isa = PBXBuildFile; fileRef = 039DEF3827AC18AA00D02118 /* AppDelegate.swift */; };
		039DEF3B27AC18AA00D02118 /* SceneDelegate.swift in Sources */ = {isa = PBXBuildFile; fileRef = 039DEF3A27AC18AA00D02118 /* SceneDelegate.swift */; };
		039DEF3D27AC18AA00D02118 /* ViewController.swift in Sources */ = {isa = PBXBuildFile; fileRef = 039DEF3C27AC18AA00D02118 /* ViewController.swift */; };
		039DEF4027AC18AA00D02118 /* Main.storyboard in Resources */ = {isa = PBXBuildFile; fileRef = 039DEF3E27AC18AA00D02118 /* Main.storyboard */; };
		039DEF4227AC18AA00D02118 /* Assets.xcassets in Resources */ = {isa = PBXBuildFile; fileRef = 039DEF4127AC18AA00D02118 /* Assets.xcassets */; };
		039DEF4527AC18AA00D02118 /* LaunchScreen.storyboard in Resources */ = {isa = PBXBuildFile; fileRef = 039DEF4327AC18AA00D02118 /* LaunchScreen.storyboard */; };
		039DEF5027AC18AB00D02118 /* JukeTests.swift in Sources */ = {isa = PBXBuildFile; fileRef = 039DEF4F27AC18AB00D02118 /* JukeTests.swift */; };
		039DEF5A27AC18AB00D02118 /* JukeUITests.swift in Sources */ = {isa = PBXBuildFile; fileRef = 039DEF5927AC18AB00D02118 /* JukeUITests.swift */; };
		039DEF5C27AC18AB00D02118 /* JukeUITestsLaunchTests.swift in Sources */ = {isa = PBXBuildFile; fileRef = 039DEF5B27AC18AB00D02118 /* JukeUITestsLaunchTests.swift */; };
/* End PBXBuildFile section */

/* Begin PBXContainerItemProxy section */
		039DEF4C27AC18AB00D02118 /* PBXContainerItemProxy */ = {
			isa = PBXContainerItemProxy;
			containerPortal = 039DEF2D27AC18AA00D02118 /* Project object */;
			proxyType = 1;
			remoteGlobalIDString = 039DEF3427AC18AA00D02118;
			remoteInfo = Juke;
		};
		039DEF5627AC18AB00D02118 /* PBXContainerItemProxy */ = {
			isa = PBXContainerItemProxy;
			containerPortal = 039DEF2D27AC18AA00D02118 /* Project object */;
			proxyType = 1;
			remoteGlobalIDString = 039DEF3427AC18AA00D02118;
			remoteInfo = Juke;
		};
/* End PBXContainerItemProxy section */

/* Begin PBXFileReference section */
		039DEF3527AC18AA00D02118 /* Juke.app */ = {isa = PBXFileReference; explicitFileType = wrapper.application; includeInIndex = 0; path = Juke.app; sourceTree = BUILT_PRODUCTS_DIR; };
		039DEF3827AC18AA00D02118 /* AppDelegate.swift */ = {isa = PBXFileReference; lastKnownFileType = sourcecode.swift; path = AppDelegate.swift; sourceTree = "<group>"; };
		039DEF3A27AC18AA00D02118 /* SceneDelegate.swift */ = {isa = PBXFileReference; lastKnownFileType = sourcecode.swift; path = SceneDelegate.swift; sourceTree = "<group>"; };
		039DEF3C27AC18AA00D02118 /* ViewController.swift */ = {isa = PBXFileReference; lastKnownFileType = sourcecode.swift; path = ViewController.swift; sourceTree = "<group>"; };
		039DEF3F27AC18AA00D02118 /* Base */ = {isa = PBXFileReference; lastKnownFileType = file.storyboard; name = Base; path = Base.lproj/Main.storyboard; sourceTree = "<group>"; };
		039DEF4127AC18AA00D02118 /* Assets.xcassets */ = {isa = PBXFileReference; lastKnownFileType = folder.assetcatalog; path = Assets.xcassets; sourceTree = "<group>"; };
		039DEF4427AC18AA00D02118 /* Base */ = {isa = PBXFileReference; lastKnownFileType = file.storyboard; name = Base; path = Base.lproj/LaunchScreen.storyboard; sourceTree = "<group>"; };
		039DEF4627AC18AA00D02118 /* Info.plist */ = {isa = PBXFileReference; lastKnownFileType = text.plist.xml; path = Info.plist; sourceTree = "<group>"; };
		039DEF4B27AC18AB00D02118 /* JukeTests.xctest */ = {isa = PBXFileReference; explicitFileType = wrapper.cfbundle; includeInIndex = 0; path = JukeTests.xctest; sourceTree = BUILT_PRODUCTS_DIR; };
		039DEF4F27AC18AB00D02118 /* JukeTests.swift */ = {isa = PBXFileReference; lastKnownFileType = sourcecode.swift; path = JukeTests.swift; sourceTree = "<group>"; };
		039DEF5527AC18AB00D02118 /* JukeUITests.xctest */ = {isa = PBXFileReference; explicitFileType = wrapper.cfbundle; includeInIndex = 0; path = JukeUITests.xctest; sourceTree = BUILT_PRODUCTS_DIR; };
		039DEF5927AC18AB00D02118 /* JukeUITests.swift */ = {isa = PBXFileReference; lastKnownFileType = sourcecode.swift; path = JukeUITests.swift; sourceTree = "<group>"; };
		039DEF5B27AC18AB00D02118 /* JukeUITestsLaunchTests.swift */ = {isa = PBXFileReference; lastKnownFileType = sourcecode.swift; path = JukeUITestsLaunchTests.swift; sourceTree = "<group>"; };
/* End PBXFileReference section */

/* Begin PBXFrameworksBuildPhase section */
		039DEF3227AC18AA00D02118 /* Frameworks */ = {
			isa = PBXFrameworksBuildPhase;
			buildActionMask = 2147483647;
			files = (
			);
			runOnlyForDeploymentPostprocessing = 0;
		};
		039DEF4827AC18AB00D02118 /* Frameworks */ = {
			isa = PBXFrameworksBuildPhase;
			buildActionMask = 2147483647;
			files = (
			);
			runOnlyForDeploymentPostprocessing = 0;
		};
		039DEF5227AC18AB00D02118 /* Frameworks */ = {
			isa = PBXFrameworksBuildPhase;
			buildActionMask = 2147483647;
			files = (
			);
			runOnlyForDeploymentPostprocessing = 0;
		};
/* End PBXFrameworksBuildPhase section */

/* Begin PBXGroup section */
		039DEF2C27AC18AA00D02118 = {
			isa = PBXGroup;
			children = (
				039DEF3727AC18AA00D02118 /* Juke */,
				039DEF4E27AC18AB00D02118 /* JukeTests */,
				039DEF5827AC18AB00D02118 /* JukeUITests */,
				039DEF3627AC18AA00D02118 /* Products */,
			);
			sourceTree = "<group>";
		};
		039DEF3627AC18AA00D02118 /* Products */ = {
			isa = PBXGroup;
			children = (
				039DEF3527AC18AA00D02118 /* Juke.app */,
				039DEF4B27AC18AB00D02118 /* JukeTests.xctest */,
				039DEF5527AC18AB00D02118 /* JukeUITests.xctest */,
			);
			name = Products;
			sourceTree = "<group>";
		};
		039DEF3727AC18AA00D02118 /* Juke */ = {
			isa = PBXGroup;
			children = (
				039DEF3827AC18AA00D02118 /* AppDelegate.swift */,
				039DEF3A27AC18AA00D02118 /* SceneDelegate.swift */,
				039DEF3C27AC18AA00D02118 /* ViewController.swift */,
				039DEF3E27AC18AA00D02118 /* Main.storyboard */,
				039DEF4127AC18AA00D02118 /* Assets.xcassets */,
				039DEF4327AC18AA00D02118 /* LaunchScreen.storyboard */,
				039DEF4627AC18AA00D02118 /* Info.plist */,
			);
			path = Juke;
			sourceTree = "<group>";
		};
		039DEF4E27AC18AB00D02118 /* JukeTests */ = {
			isa = PBXGroup;
			children = (
				039DEF4F27AC18AB00D02118 /* JukeTests.swift */,
			);
			path = JukeTests;
			sourceTree = "<group>";
		};
		039DEF5827AC18AB00D02118 /* JukeUITests */ = {
			isa = PBXGroup;
			children = (
				039DEF5927AC18AB00D02118 /* JukeUITests.swift */,
				039DEF5B27AC18AB00D02118 /* JukeUITestsLaunchTests.swift */,
			);
			path = JukeUITests;
			sourceTree = "<group>";
		};
/* End PBXGroup section */

/* Begin PBXNativeTarget section */
		039DEF3427AC18AA00D02118 /* Juke */ = {
			isa = PBXNativeTarget;
			buildConfigurationList = 039DEF5F27AC18AB00D02118 /* Build configuration list for PBXNativeTarget "Juke" */;
			buildPhases = (
				039DEF3127AC18AA00D02118 /* Sources */,
				039DEF3227AC18AA00D02118 /* Frameworks */,
				039DEF3327AC18AA00D02118 /* Resources */,
			);
			buildRules = (
			);
			dependencies = (
			);
			name = Juke;
			productName = Juke;
			productReference = 039DEF3527AC18AA00D02118 /* Juke.app */;
			productType = "com.apple.product-type.application";
		};
		039DEF4A27AC18AB00D02118 /* JukeTests */ = {
			isa = PBXNativeTarget;
			buildConfigurationList = 039DEF6227AC18AB00D02118 /* Build configuration list for PBXNativeTarget "JukeTests" */;
			buildPhases = (
				039DEF4727AC18AB00D02118 /* Sources */,
				039DEF4827AC18AB00D02118 /* Frameworks */,
				039DEF4927AC18AB00D02118 /* Resources */,
			);
			buildRules = (
			);
			dependencies = (
				039DEF4D27AC18AB00D02118 /* PBXTargetDependency */,
			);
			name = JukeTests;
			productName = JukeTests;
			productReference = 039DEF4B27AC18AB00D02118 /* JukeTests.xctest */;
			productType = "com.apple.product-type.bundle.unit-test";
		};
		039DEF5427AC18AB00D02118 /* JukeUITests */ = {
			isa = PBXNativeTarget;
			buildConfigurationList = 039DEF6527AC18AB00D02118 /* Build configuration list for PBXNativeTarget "JukeUITests" */;
			buildPhases = (
				039DEF5127AC18AB00D02118 /* Sources */,
				039DEF5227AC18AB00D02118 /* Frameworks */,
				039DEF5327AC18AB00D02118 /* Resources */,
			);
			buildRules = (
			);
			dependencies = (
				039DEF5727AC18AB00D02118 /* PBXTargetDependency */,
			);
			name = JukeUITests;
			productName = JukeUITests;
			productReference = 039DEF5527AC18AB00D02118 /* JukeUITests.xctest */;
			productType = "com.apple.product-type.bundle.ui-testing";
		};
/* End PBXNativeTarget section */

/* Begin PBXProject section */
		039DEF2D27AC18AA00D02118 /* Project object */ = {
			isa = PBXProject;
			attributes = {
				BuildIndependentTargetsInParallel = 1;
				LastSwiftUpdateCheck = 1320;
				LastUpgradeCheck = 1320;
				TargetAttributes = {
					039DEF3427AC18AA00D02118 = {
						CreatedOnToolsVersion = 13.2.1;
					};
					039DEF4A27AC18AB00D02118 = {
						CreatedOnToolsVersion = 13.2.1;
						TestTargetID = 039DEF3427AC18AA00D02118;
					};
					039DEF5427AC18AB00D02118 = {
						CreatedOnToolsVersion = 13.2.1;
						TestTargetID = 039DEF3427AC18AA00D02118;
					};
				};
			};
			buildConfigurationList = 039DEF3027AC18AA00D02118 /* Build configuration list for PBXProject "Juke" */;
			compatibilityVersion = "Xcode 13.0";
			developmentRegion = en;
			hasScannedForEncodings = 0;
			knownRegions = (
				en,
				Base,
			);
			mainGroup = 039DEF2C27AC18AA00D02118;
			productRefGroup = 039DEF3627AC18AA00D02118 /* Products */;
			projectDirPath = "";
			projectRoot = "";
			targets = (
				039DEF3427AC18AA00D02118 /* Juke */,
				039DEF4A27AC18AB00D02118 /* JukeTests */,
				039DEF5427AC18AB00D02118 /* JukeUITests */,
			);
		};
/* End PBXProject section */

/* Begin PBXResourcesBuildPhase section */
		039DEF3327AC18AA00D02118 /* Resources */ = {
			isa = PBXResourcesBuildPhase;
			buildActionMask = 2147483647;
			files = (
				039DEF4527AC18AA00D02118 /* LaunchScreen.storyboard in Resources */,
				039DEF4227AC18AA00D02118 /* Assets.xcassets in Resources */,
				039DEF4027AC18AA00D02118 /* Main.storyboard in Resources */,
			);
			runOnlyForDeploymentPostprocessing = 0;
		};
		039DEF4927AC18AB00D02118 /* Resources */ = {
			isa = PBXResourcesBuildPhase;
			buildActionMask = 2147483647;
			files = (
			);
			runOnlyForDeploymentPostprocessing = 0;
		};
		039DEF5327AC18AB00D02118 /* Resources */ = {
			isa = PBXResourcesBuildPhase;
			buildActionMask = 2147483647;
			files = (
			);
			runOnlyForDeploymentPostprocessing = 0;
		};
/* End PBXResourcesBuildPhase section */

/* Begin PBXSourcesBuildPhase section */
		039DEF3127AC18AA00D02118 /* Sources */ = {
			isa = PBXSourcesBuildPhase;
			buildActionMask = 2147483647;
			files = (
				039DEF3D27AC18AA00D02118 /* ViewController.swift in Sources */,
				039DEF3927AC18AA00D02118 /* AppDelegate.swift in Sources */,
				039DEF3B27AC18AA00D02118 /* SceneDelegate.swift in Sources */,
			);
			runOnlyForDeploymentPostprocessing = 0;
		};
		039DEF4727AC18AB00D02118 /* Sources */ = {
			isa = PBXSourcesBuildPhase;
			buildActionMask = 2147483647;
			files = (
				039DEF5027AC18AB00D02118 /* JukeTests.swift in Sources */,
			);
			runOnlyForDeploymentPostprocessing = 0;
		};
		039DEF5127AC18AB00D02118 /* Sources */ = {
			isa = PBXSourcesBuildPhase;
			buildActionMask = 2147483647;
			files = (
				039DEF5A27AC18AB00D02118 /* JukeUITests.swift in Sources */,
				039DEF5C27AC18AB00D02118 /* JukeUITestsLaunchTests.swift in Sources */,
			);
			runOnlyForDeploymentPostprocessing = 0;
		};
/* End PBXSourcesBuildPhase section */

/* Begin PBXTargetDependency section */
		039DEF4D27AC18AB00D02118 /* PBXTargetDependency */ = {
			isa = PBXTargetDependency;
			target = 039DEF3427AC18AA00D02118 /* Juke */;
			targetProxy = 039DEF4C27AC18AB00D02118 /* PBXContainerItemProxy */;
		};
		039DEF5727AC18AB00D02118 /* PBXTargetDependency */ = {
			isa = PBXTargetDependency;
			target = 039DEF3427AC18AA00D02118 /* Juke */;
			targetProxy = 039DEF5627AC18AB00D02118 /* PBXContainerItemProxy */;
		};
/* End PBXTargetDependency section */

/* Begin PBXVariantGroup section */
		039DEF3E27AC18AA00D02118 /* Main.storyboard */ = {
			isa = PBXVariantGroup;
			children = (
				039DEF3F27AC18AA00D02118 /* Base */,
			);
			name = Main.storyboard;
			sourceTree = "<group>";
		};
		039DEF4327AC18AA00D02118 /* LaunchScreen.storyboard */ = {
			isa = PBXVariantGroup;
			children = (
				039DEF4427AC18AA00D02118 /* Base */,
			);
			name = LaunchScreen.storyboard;
			sourceTree = "<group>";
		};
/* End PBXVariantGroup section */

/* Begin XCBuildConfiguration section */
		039DEF5D27AC18AB00D02118 /* Debug */ = {
			isa = XCBuildConfiguration;
			buildSettings = {
				ALWAYS_SEARCH_USER_PATHS = NO;
				CLANG_ANALYZER_NONNULL = YES;
				CLANG_ANALYZER_NUMBER_OBJECT_CONVERSION = YES_AGGRESSIVE;
				CLANG_CXX_LANGUAGE_STANDARD = "gnu++17";
				CLANG_CXX_LIBRARY = "libc++";
				CLANG_ENABLE_MODULES = YES;
				CLANG_ENABLE_OBJC_ARC = YES;
				CLANG_ENABLE_OBJC_WEAK = YES;
				CLANG_WARN_BLOCK_CAPTURE_AUTORELEASING = YES;
				CLANG_WARN_BOOL_CONVERSION = YES;
				CLANG_WARN_COMMA = YES;
				CLANG_WARN_CONSTANT_CONVERSION = YES;
				CLANG_WARN_DEPRECATED_OBJC_IMPLEMENTATIONS = YES;
				CLANG_WARN_DIRECT_OBJC_ISA_USAGE = YES_ERROR;
				CLANG_WARN_DOCUMENTATION_COMMENTS = YES;
				CLANG_WARN_EMPTY_BODY = YES;
				CLANG_WARN_ENUM_CONVERSION = YES;
				CLANG_WARN_INFINITE_RECURSION = YES;
				CLANG_WARN_INT_CONVERSION = YES;
				CLANG_WARN_NON_LITERAL_NULL_CONVERSION = YES;
				CLANG_WARN_OBJC_IMPLICIT_RETAIN_SELF = YES;
				CLANG_WARN_OBJC_LITERAL_CONVERSION = YES;
				CLANG_WARN_OBJC_ROOT_CLASS = YES_ERROR;
				CLANG_WARN_QUOTED_INCLUDE_IN_FRAMEWORK_HEADER = YES;
				CLANG_WARN_RANGE_LOOP_ANALYSIS = YES;
				CLANG_WARN_STRICT_PROTOTYPES = YES;
				CLANG_WARN_SUSPICIOUS_MOVE = YES;
				CLANG_WARN_UNGUARDED_AVAILABILITY = YES_AGGRESSIVE;
				CLANG_WARN_UNREACHABLE_CODE = YES;
				CLANG_WARN__DUPLICATE_METHOD_MATCH = YES;
				COPY_PHASE_STRIP = NO;
				DEBUG_INFORMATION_FORMAT = dwarf;
				ENABLE_STRICT_OBJC_MSGSEND = YES;
				ENABLE_TESTABILITY = YES;
				GCC_C_LANGUAGE_STANDARD = gnu11;
				GCC_DYNAMIC_NO_PIC = NO;
				GCC_NO_COMMON_BLOCKS = YES;
				GCC_OPTIMIZATION_LEVEL = 0;
				GCC_PREPROCESSOR_DEFINITIONS = (
					"DEBUG=1",
					"$(inherited)",
				);
				GCC_WARN_64_TO_32_BIT_CONVERSION = YES;
				GCC_WARN_ABOUT_RETURN_TYPE = YES_ERROR;
				GCC_WARN_UNDECLARED_SELECTOR = YES;
				GCC_WARN_UNINITIALIZED_AUTOS = YES_AGGRESSIVE;
				GCC_WARN_UNUSED_FUNCTION = YES;
				GCC_WARN_UNUSED_VARIABLE = YES;
				IPHONEOS_DEPLOYMENT_TARGET = 15.2;
				MTL_ENABLE_DEBUG_INFO = INCLUDE_SOURCE;
				MTL_FAST_MATH = YES;
				ONLY_ACTIVE_ARCH = YES;
				SDKROOT = iphoneos;
				SWIFT_ACTIVE_COMPILATION_CONDITIONS = DEBUG;
				SWIFT_OPTIMIZATION_LEVEL = "-Onone";
			};
			name = Debug;
		};
		039DEF5E27AC18AB00D02118 /* Release */ = {
			isa = XCBuildConfiguration;
			buildSettings = {
				ALWAYS_SEARCH_USER_PATHS = NO;
				CLANG_ANALYZER_NONNULL = YES;
				CLANG_ANALYZER_NUMBER_OBJECT_CONVERSION = YES_AGGRESSIVE;
				CLANG_CXX_LANGUAGE_STANDARD = "gnu++17";
				CLANG_CXX_LIBRARY = "libc++";
				CLANG_ENABLE_MODULES = YES;
				CLANG_ENABLE_OBJC_ARC = YES;
				CLANG_ENABLE_OBJC_WEAK = YES;
				CLANG_WARN_BLOCK_CAPTURE_AUTORELEASING = YES;
				CLANG_WARN_BOOL_CONVERSION = YES;
				CLANG_WARN_COMMA = YES;
				CLANG_WARN_CONSTANT_CONVERSION = YES;
				CLANG_WARN_DEPRECATED_OBJC_IMPLEMENTATIONS = YES;
				CLANG_WARN_DIRECT_OBJC_ISA_USAGE = YES_ERROR;
				CLANG_WARN_DOCUMENTATION_COMMENTS = YES;
				CLANG_WARN_EMPTY_BODY = YES;
				CLANG_WARN_ENUM_CONVERSION = YES;
				CLANG_WARN_INFINITE_RECURSION = YES;
				CLANG_WARN_INT_CONVERSION = YES;
				CLANG_WARN_NON_LITERAL_NULL_CONVERSION = YES;
				CLANG_WARN_OBJC_IMPLICIT_RETAIN_SELF = YES;
				CLANG_WARN_OBJC_LITERAL_CONVERSION = YES;
				CLANG_WARN_OBJC_ROOT_CLASS = YES_ERROR;
				CLANG_WARN_QUOTED_INCLUDE_IN_FRAMEWORK_HEADER = YES;
				CLANG_WARN_RANGE_LOOP_ANALYSIS = YES;
				CLANG_WARN_STRICT_PROTOTYPES = YES;
				CLANG_WARN_SUSPICIOUS_MOVE = YES;
				CLANG_WARN_UNGUARDED_AVAILABILITY = YES_AGGRESSIVE;
				CLANG_WARN_UNREACHABLE_CODE = YES;
				CLANG_WARN__DUPLICATE_METHOD_MATCH = YES;
				COPY_PHASE_STRIP = NO;
				DEBUG_INFORMATION_FORMAT = "dwarf-with-dsym";
				ENABLE_NS_ASSERTIONS = NO;
				ENABLE_STRICT_OBJC_MSGSEND = YES;
				GCC_C_LANGUAGE_STANDARD = gnu11;
				GCC_NO_COMMON_BLOCKS = YES;
				GCC_WARN_64_TO_32_BIT_CONVERSION = YES;
				GCC_WARN_ABOUT_RETURN_TYPE = YES_ERROR;
				GCC_WARN_UNDECLARED_SELECTOR = YES;
				GCC_WARN_UNINITIALIZED_AUTOS = YES_AGGRESSIVE;
				GCC_WARN_UNUSED_FUNCTION = YES;
				GCC_WARN_UNUSED_VARIABLE = YES;
				IPHONEOS_DEPLOYMENT_TARGET = 15.2;
				MTL_ENABLE_DEBUG_INFO = NO;
				MTL_FAST_MATH = YES;
				SDKROOT = iphoneos;
				SWIFT_COMPILATION_MODE = wholemodule;
				SWIFT_OPTIMIZATION_LEVEL = "-O";
				VALIDATE_PRODUCT = YES;
			};
			name = Release;
		};
		039DEF6027AC18AB00D02118 /* Debug */ = {
			isa = XCBuildConfiguration;
			buildSettings = {
				ASSETCATALOG_COMPILER_APPICON_NAME = AppIcon;
				ASSETCATALOG_COMPILER_GLOBAL_ACCENT_COLOR_NAME = AccentColor;
				CODE_SIGN_STYLE = Automatic;
				CURRENT_PROJECT_VERSION = 1;
				DEVELOPMENT_TEAM = 2WMS6785YD;
				GENERATE_INFOPLIST_FILE = YES;
				INFOPLIST_FILE = Juke/Info.plist;
				INFOPLIST_KEY_UIApplicationSupportsIndirectInputEvents = YES;
				INFOPLIST_KEY_UILaunchStoryboardName = LaunchScreen;
				INFOPLIST_KEY_UIMainStoryboardFile = Main;
				INFOPLIST_KEY_UISupportedInterfaceOrientations_iPad = "UIInterfaceOrientationPortrait UIInterfaceOrientationPortraitUpsideDown UIInterfaceOrientationLandscapeLeft UIInterfaceOrientationLandscapeRight";
				INFOPLIST_KEY_UISupportedInterfaceOrientations_iPhone = "UIInterfaceOrientationPortrait UIInterfaceOrientationLandscapeLeft UIInterfaceOrientationLandscapeRight";
				LD_RUNPATH_SEARCH_PATHS = (
					"$(inherited)",
					"@executable_path/Frameworks",
				);
				MARKETING_VERSION = 1.0;
				PRODUCT_BUNDLE_IDENTIFIER = embario.Juke;
				PRODUCT_NAME = "$(TARGET_NAME)";
				SWIFT_EMIT_LOC_STRINGS = YES;
				SWIFT_VERSION = 5.0;
				TARGETED_DEVICE_FAMILY = "1,2";
			};
			name = Debug;
		};
		039DEF6127AC18AB00D02118 /* Release */ = {
			isa = XCBuildConfiguration;
			buildSettings = {
				ASSETCATALOG_COMPILER_APPICON_NAME = AppIcon;
				ASSETCATALOG_COMPILER_GLOBAL_ACCENT_COLOR_NAME = AccentColor;
				CODE_SIGN_STYLE = Automatic;
				CURRENT_PROJECT_VERSION = 1;
				DEVELOPMENT_TEAM = 2WMS6785YD;
				GENERATE_INFOPLIST_FILE = YES;
				INFOPLIST_FILE = Juke/Info.plist;
				INFOPLIST_KEY_UIApplicationSupportsIndirectInputEvents = YES;
				INFOPLIST_KEY_UILaunchStoryboardName = LaunchScreen;
				INFOPLIST_KEY_UIMainStoryboardFile = Main;
				INFOPLIST_KEY_UISupportedInterfaceOrientations_iPad = "UIInterfaceOrientationPortrait UIInterfaceOrientationPortraitUpsideDown UIInterfaceOrientationLandscapeLeft UIInterfaceOrientationLandscapeRight";
				INFOPLIST_KEY_UISupportedInterfaceOrientations_iPhone = "UIInterfaceOrientationPortrait UIInterfaceOrientationLandscapeLeft UIInterfaceOrientationLandscapeRight";
				LD_RUNPATH_SEARCH_PATHS = (
					"$(inherited)",
					"@executable_path/Frameworks",
				);
				MARKETING_VERSION = 1.0;
				PRODUCT_BUNDLE_IDENTIFIER = embario.Juke;
				PRODUCT_NAME = "$(TARGET_NAME)";
				SWIFT_EMIT_LOC_STRINGS = YES;
				SWIFT_VERSION = 5.0;
				TARGETED_DEVICE_FAMILY = "1,2";
			};
			name = Release;
		};
		039DEF6327AC18AB00D02118 /* Debug */ = {
			isa = XCBuildConfiguration;
			buildSettings = {
				ALWAYS_EMBED_SWIFT_STANDARD_LIBRARIES = YES;
				BUNDLE_LOADER = "$(TEST_HOST)";
				CODE_SIGN_STYLE = Automatic;
				CURRENT_PROJECT_VERSION = 1;
				DEVELOPMENT_TEAM = 2WMS6785YD;
				GENERATE_INFOPLIST_FILE = YES;
				IPHONEOS_DEPLOYMENT_TARGET = 15.2;
				MARKETING_VERSION = 1.0;
				PRODUCT_BUNDLE_IDENTIFIER = embario.JukeTests;
				PRODUCT_NAME = "$(TARGET_NAME)";
				SWIFT_EMIT_LOC_STRINGS = NO;
				SWIFT_VERSION = 5.0;
				TARGETED_DEVICE_FAMILY = "1,2";
				TEST_HOST = "$(BUILT_PRODUCTS_DIR)/Juke.app/Juke";
			};
			name = Debug;
		};
		039DEF6427AC18AB00D02118 /* Release */ = {
			isa = XCBuildConfiguration;
			buildSettings = {
				ALWAYS_EMBED_SWIFT_STANDARD_LIBRARIES = YES;
				BUNDLE_LOADER = "$(TEST_HOST)";
				CODE_SIGN_STYLE = Automatic;
				CURRENT_PROJECT_VERSION = 1;
				DEVELOPMENT_TEAM = 2WMS6785YD;
				GENERATE_INFOPLIST_FILE = YES;
				IPHONEOS_DEPLOYMENT_TARGET = 15.2;
				MARKETING_VERSION = 1.0;
				PRODUCT_BUNDLE_IDENTIFIER = embario.JukeTests;
				PRODUCT_NAME = "$(TARGET_NAME)";
				SWIFT_EMIT_LOC_STRINGS = NO;
				SWIFT_VERSION = 5.0;
				TARGETED_DEVICE_FAMILY = "1,2";
				TEST_HOST = "$(BUILT_PRODUCTS_DIR)/Juke.app/Juke";
			};
			name = Release;
		};
		039DEF6627AC18AB00D02118 /* Debug */ = {
			isa = XCBuildConfiguration;
			buildSettings = {
				ALWAYS_EMBED_SWIFT_STANDARD_LIBRARIES = YES;
				CODE_SIGN_STYLE = Automatic;
				CURRENT_PROJECT_VERSION = 1;
				DEVELOPMENT_TEAM = 2WMS6785YD;
				GENERATE_INFOPLIST_FILE = YES;
				MARKETING_VERSION = 1.0;
				PRODUCT_BUNDLE_IDENTIFIER = embario.JukeUITests;
				PRODUCT_NAME = "$(TARGET_NAME)";
				SWIFT_EMIT_LOC_STRINGS = NO;
				SWIFT_VERSION = 5.0;
				TARGETED_DEVICE_FAMILY = "1,2";
				TEST_TARGET_NAME = Juke;
			};
			name = Debug;
		};
		039DEF6727AC18AB00D02118 /* Release */ = {
			isa = XCBuildConfiguration;
			buildSettings = {
				ALWAYS_EMBED_SWIFT_STANDARD_LIBRARIES = YES;
				CODE_SIGN_STYLE = Automatic;
				CURRENT_PROJECT_VERSION = 1;
				DEVELOPMENT_TEAM = 2WMS6785YD;
				GENERATE_INFOPLIST_FILE = YES;
				MARKETING_VERSION = 1.0;
				PRODUCT_BUNDLE_IDENTIFIER = embario.JukeUITests;
				PRODUCT_NAME = "$(TARGET_NAME)";
				SWIFT_EMIT_LOC_STRINGS = NO;
				SWIFT_VERSION = 5.0;
				TARGETED_DEVICE_FAMILY = "1,2";
				TEST_TARGET_NAME = Juke;
			};
			name = Release;
		};
/* End XCBuildConfiguration section */

/* Begin XCConfigurationList section */
		039DEF3027AC18AA00D02118 /* Build configuration list for PBXProject "Juke" */ = {
			isa = XCConfigurationList;
			buildConfigurations = (
				039DEF5D27AC18AB00D02118 /* Debug */,
				039DEF5E27AC18AB00D02118 /* Release */,
			);
			defaultConfigurationIsVisible = 0;
			defaultConfigurationName = Release;
		};
		039DEF5F27AC18AB00D02118 /* Build configuration list for PBXNativeTarget "Juke" */ = {
			isa = XCConfigurationList;
			buildConfigurations = (
				039DEF6027AC18AB00D02118 /* Debug */,
				039DEF6127AC18AB00D02118 /* Release */,
			);
			defaultConfigurationIsVisible = 0;
			defaultConfigurationName = Release;
		};
		039DEF6227AC18AB00D02118 /* Build configuration list for PBXNativeTarget "JukeTests" */ = {
			isa = XCConfigurationList;
			buildConfigurations = (
				039DEF6327AC18AB00D02118 /* Debug */,
				039DEF6427AC18AB00D02118 /* Release */,
			);
			defaultConfigurationIsVisible = 0;
			defaultConfigurationName = Release;
		};
		039DEF6527AC18AB00D02118 /* Build configuration list for PBXNativeTarget "JukeUITests" */ = {
			isa = XCConfigurationList;
			buildConfigurations = (
				039DEF6627AC18AB00D02118 /* Debug */,
				039DEF6727AC18AB00D02118 /* Release */,
			);
			defaultConfigurationIsVisible = 0;
			defaultConfigurationName = Release;
		};
/* End XCConfigurationList section */
	};
	rootObject = 039DEF2D27AC18AA00D02118 /* Project object */;
}
